github.com/stealthrocket/fsinfo v0.1.0 h1:EyDLRRh/w7yVeamGikBMTuUPaNirdMkjlXX3PwhyZvQ=
github.com/stealthrocket/fsinfo v0.1.0/go.mod h1:oQVRGlbYCfBmLKWxe+Y2KNUAg8DovaxEaVz/21zZkb4=
github.com/stealthrocket/fstest v0.1.0 h1:Mb5F/hIg9JSh6jooUup24aMLePCuDn8HlKpxRW20VlM=
github.com/stealthrocket/fstest v0.1.0/go.mod h1:rEQk3bYNszEoEXJcCxgUNdsfrT3VqQBdW31avMj/KhI=
github.com/stealthrocket/fstest v0.1.1 h1:gVKRxqht4KSafy2mZ8WGbG6T6JU7OaTmRaEzuIB8v0A=
github.com/stealthrocket/fstest v0.1.1/go.mod h1:rEQk3bYNszEoEXJcCxgUNdsfrT3VqQBdW31avMj/KhI=
github.com/stealthrocket/fstest v0.1.2 h1:5TyC1WNmnSBwr0opj+Xl070wKy3Ld3a3FjiLEg85S9Y=
github.com/stealthrocket/fstest v0.1.2/go.mod h1:rEQk3bYNszEoEXJcCxgUNdsfrT3VqQBdW31avMj/KhI=
